// !$*UTF8*$!
{
	archiveVersion = 1;
	classes = {
	};
	objectVersion = 50;
	objects = {

/* Begin PBXBuildFile section */
		6B11371126E8928E00B3F187 /* AppDelegate.m in Sources */ = {isa = PBXBuildFile; fileRef = 6B11371026E8928E00B3F187 /* AppDelegate.m */; };
		6B11371426E8928E00B3F187 /* SceneDelegate.m in Sources */ = {isa = PBXBuildFile; fileRef = 6B11371326E8928E00B3F187 /* SceneDelegate.m */; };
		6B11371726E8928E00B3F187 /* ViewController.m in Sources */ = {isa = PBXBuildFile; fileRef = 6B11371626E8928E00B3F187 /* ViewController.m */; };
		6B11371A26E8928E00B3F187 /* Main.storyboard in Resources */ = {isa = PBXBuildFile; fileRef = 6B11371826E8928E00B3F187 /* Main.storyboard */; };
		6B11371C26E8929000B3F187 /* Assets.xcassets in Resources */ = {isa = PBXBuildFile; fileRef = 6B11371B26E8929000B3F187 /* Assets.xcassets */; };
		6B11371F26E8929000B3F187 /* LaunchScreen.storyboard in Resources */ = {isa = PBXBuildFile; fileRef = 6B11371D26E8929000B3F187 /* LaunchScreen.storyboard */; };
		6B11372226E8929000B3F187 /* main.m in Sources */ = {isa = PBXBuildFile; fileRef = 6B11372126E8929000B3F187 /* main.m */; };
		6B11372E26E897AD00B3F187 /* JXSubscrollView.m in Sources */ = {isa = PBXBuildFile; fileRef = 6B11372D26E897AD00B3F187 /* JXSubscrollView.m */; };
		6B11373426E8BF2800B3F187 /* JXScrollView.m in Sources */ = {isa = PBXBuildFile; fileRef = 6B11373326E8BF2800B3F187 /* JXScrollView.m */; };
/* End PBXBuildFile section */

/* Begin PBXFileReference section */
		6B11370C26E8928E00B3F187 /* FloatingTableHeaderViewDemo.app */ = {isa = PBXFileReference; explicitFileType = wrapper.application; includeInIndex = 0; path = FloatingTableHeaderViewDemo.app; sourceTree = BUILT_PRODUCTS_DIR; };
		6B11370F26E8928E00B3F187 /* AppDelegate.h */ = {isa = PBXFileReference; lastKnownFileType = sourcecode.c.h; path = AppDelegate.h; sourceTree = "<group>"; };
		6B11371026E8928E00B3F187 /* AppDelegate.m */ = {isa = PBXFileReference; lastKnownFileType = sourcecode.c.objc; path = AppDelegate.m; sourceTree = "<group>"; };
		6B11371226E8928E00B3F187 /* SceneDelegate.h */ = {isa = PBXFileReference; lastKnownFileType = sourcecode.c.h; path = SceneDelegate.h; sourceTree = "<group>"; };
		6B11371326E8928E00B3F187 /* SceneDelegate.m */ = {isa = PBXFileReference; lastKnownFileType = sourcecode.c.objc; path = SceneDelegate.m; sourceTree = "<group>"; };
		6B11371526E8928E00B3F187 /* ViewController.h */ = {isa = PBXFileReference; lastKnownFileType = sourcecode.c.h; path = ViewController.h; sourceTree = "<group>"; };
		6B11371626E8928E00B3F187 /* ViewController.m */ = {isa = PBXFileReference; lastKnownFileType = sourcecode.c.objc; path = ViewController.m; sourceTree = "<group>"; };
		6B11371926E8928E00B3F187 /* Base */ = {isa = PBXFileReference; lastKnownFileType = file.storyboard; name = Base; path = Base.lproj/Main.storyboard; sourceTree = "<group>"; };
		6B11371B26E8929000B3F187 /* Assets.xcassets */ = {isa = PBXFileReference; lastKnownFileType = folder.assetcatalog; path = Assets.xcassets; sourceTree = "<group>"; };
		6B11371E26E8929000B3F187 /* Base */ = {isa = PBXFileReference; lastKnownFileType = file.storyboard; name = Base; path = Base.lproj/LaunchScreen.storyboard; sourceTree = "<group>"; };
		6B11372026E8929000B3F187 /* Info.plist */ = {isa = PBXFileReference; lastKnownFileType = text.plist.xml; path = Info.plist; sourceTree = "<group>"; };
		6B11372126E8929000B3F187 /* main.m */ = {isa = PBXFileReference; lastKnownFileType = sourcecode.c.objc; path = main.m; sourceTree = "<group>"; };
		6B11372C26E897AD00B3F187 /* JXSubscrollView.h */ = {isa = PBXFileReference; lastKnownFileType = sourcecode.c.h; path = JXSubscrollView.h; sourceTree = "<group>"; };
		6B11372D26E897AD00B3F187 /* JXSubscrollView.m */ = {isa = PBXFileReference; lastKnownFileType = sourcecode.c.objc; path = JXSubscrollView.m; sourceTree = "<group>"; };
		6B11373226E8BF2800B3F187 /* JXScrollView.h */ = {isa = PBXFileReference; lastKnownFileType = sourcecode.c.h; path = JXScrollView.h; sourceTree = "<group>"; };
		6B11373326E8BF2800B3F187 /* JXScrollView.m */ = {isa = PBXFileReference; lastKnownFileType = sourcecode.c.objc; path = JXScrollView.m; sourceTree = "<group>"; };
/* End PBXFileReference section */

/* Begin PBXFrameworksBuildPhase section */
		6B11370926E8928E00B3F187 /* Frameworks */ = {
			isa = PBXFrameworksBuildPhase;
			buildActionMask = 2147483647;
			files = (
			);
			runOnlyForDeploymentPostprocessing = 0;
		};
/* End PBXFrameworksBuildPhase section */

/* Begin PBXGroup section */
		6B11370326E8928E00B3F187 = {
			isa = PBXGroup;
			children = (
				6B11372826E8929F00B3F187 /* FloatingTableHeaderView */,
				6B11370E26E8928E00B3F187 /* FloatingTableHeaderViewDemo */,
				6B11370D26E8928E00B3F187 /* Products */,
			);
			sourceTree = "<group>";
		};
		6B11370D26E8928E00B3F187 /* Products */ = {
			isa = PBXGroup;
			children = (
				6B11370C26E8928E00B3F187 /* FloatingTableHeaderViewDemo.app */,
			);
			name = Products;
			sourceTree = "<group>";
		};
		6B11370E26E8928E00B3F187 /* FloatingTableHeaderViewDemo */ = {
			isa = PBXGroup;
			children = (
				6B11370F26E8928E00B3F187 /* AppDelegate.h */,
				6B11371026E8928E00B3F187 /* AppDelegate.m */,
				6B11371226E8928E00B3F187 /* SceneDelegate.h */,
				6B11371326E8928E00B3F187 /* SceneDelegate.m */,
				6B11371526E8928E00B3F187 /* ViewController.h */,
				6B11371626E8928E00B3F187 /* ViewController.m */,
				6B11371826E8928E00B3F187 /* Main.storyboard */,
				6B11371B26E8929000B3F187 /* Assets.xcassets */,
				6B11371D26E8929000B3F187 /* LaunchScreen.storyboard */,
				6B11372026E8929000B3F187 /* Info.plist */,
				6B11372126E8929000B3F187 /* main.m */,
			);
			path = FloatingTableHeaderViewDemo;
			sourceTree = "<group>";
		};
		6B11372826E8929F00B3F187 /* FloatingTableHeaderView */ = {
			isa = PBXGroup;
			children = (
				6B11373226E8BF2800B3F187 /* JXScrollView.h */,
				6B11373326E8BF2800B3F187 /* JXScrollView.m */,
				6B11372C26E897AD00B3F187 /* JXSubscrollView.h */,
				6B11372D26E897AD00B3F187 /* JXSubscrollView.m */,
			);
			path = FloatingTableHeaderView;
			sourceTree = "<group>";
		};
/* End PBXGroup section */

/* Begin PBXNativeTarget section */
		6B11370B26E8928E00B3F187 /* FloatingTableHeaderViewDemo */ = {
			isa = PBXNativeTarget;
			buildConfigurationList = 6B11372526E8929000B3F187 /* Build configuration list for PBXNativeTarget "FloatingTableHeaderViewDemo" */;
			buildPhases = (
				6B11370826E8928E00B3F187 /* Sources */,
				6B11370926E8928E00B3F187 /* Frameworks */,
				6B11370A26E8928E00B3F187 /* Resources */,
			);
			buildRules = (
			);
			dependencies = (
			);
			name = FloatingTableHeaderViewDemo;
			productName = FloatingTableHeaderViewDemo;
			productReference = 6B11370C26E8928E00B3F187 /* FloatingTableHeaderViewDemo.app */;
			productType = "com.apple.product-type.application";
		};
/* End PBXNativeTarget section */

/* Begin PBXProject section */
		6B11370426E8928E00B3F187 /* Project object */ = {
			isa = PBXProject;
			attributes = {
				LastUpgradeCheck = 1250;
				TargetAttributes = {
					6B11370B26E8928E00B3F187 = {
						CreatedOnToolsVersion = 12.5.1;
					};
				};
			};
			buildConfigurationList = 6B11370726E8928E00B3F187 /* Build configuration list for PBXProject "FloatingTableHeaderViewDemo" */;
			compatibilityVersion = "Xcode 9.3";
			developmentRegion = en;
			hasScannedForEncodings = 0;
			knownRegions = (
				en,
				Base,
			);
			mainGroup = 6B11370326E8928E00B3F187;
			productRefGroup = 6B11370D26E8928E00B3F187 /* Products */;
			projectDirPath = "";
			projectRoot = "";
			targets = (
				6B11370B26E8928E00B3F187 /* FloatingTableHeaderViewDemo */,
			);
		};
/* End PBXProject section */

/* Begin PBXResourcesBuildPhase section */
		6B11370A26E8928E00B3F187 /* Resources */ = {
			isa = PBXResourcesBuildPhase;
			buildActionMask = 2147483647;
			files = (
				6B11371F26E8929000B3F187 /* LaunchScreen.storyboard in Resources */,
				6B11371C26E8929000B3F187 /* Assets.xcassets in Resources */,
				6B11371A26E8928E00B3F187 /* Main.storyboard in Resources */,
			);
			runOnlyForDeploymentPostprocessing = 0;
		};
/* End PBXResourcesBuildPhase section */

/* Begin PBXSourcesBuildPhase section */
		6B11370826E8928E00B3F187 /* Sources */ = {
			isa = PBXSourcesBuildPhase;
			buildActionMask = 2147483647;
			files = (
				6B11372E26E897AD00B3F187 /* JXSubscrollView.m in Sources */,
				6B11373426E8BF2800B3F187 /* JXScrollView.m in Sources */,
				6B11371726E8928E00B3F187 /* ViewController.m in Sources */,
				6B11371126E8928E00B3F187 /* AppDelegate.m in Sources */,
				6B11372226E8929000B3F187 /* main.m in Sources */,
				6B11371426E8928E00B3F187 /* SceneDelegate.m in Sources */,
			);
			runOnlyForDeploymentPostprocessing = 0;
		};
/* End PBXSourcesBuildPhase section */

/* Begin PBXVariantGroup section */
		6B11371826E8928E00B3F187 /* Main.storyboard */ = {
			isa = PBXVariantGroup;
			children = (
				6B11371926E8928E00B3F187 /* Base */,
			);
			name = Main.storyboard;
			sourceTree = "<group>";
		};
		6B11371D26E8929000B3F187 /* LaunchScreen.storyboard */ = {
			isa = PBXVariantGroup;
			children = (
				6B11371E26E8929000B3F187 /* Base */,
			);
			name = LaunchScreen.storyboard;
			sourceTree = "<group>";
		};
/* End PBXVariantGroup section */

/* Begin XCBuildConfiguration section */
		6B11372326E8929000B3F187 /* Debug */ = {
			isa = XCBuildConfiguration;
			buildSettings = {
				ALWAYS_SEARCH_USER_PATHS = NO;
				CLANG_ANALYZER_NONNULL = YES;
				CLANG_ANALYZER_NUMBER_OBJECT_CONVERSION = YES_AGGRESSIVE;
				CLANG_CXX_LANGUAGE_STANDARD = "gnu++14";
				CLANG_CXX_LIBRARY = "libc++";
				CLANG_ENABLE_MODULES = YES;
				CLANG_ENABLE_OBJC_ARC = YES;
				CLANG_ENABLE_OBJC_WEAK = YES;
				CLANG_WARN_BLOCK_CAPTURE_AUTORELEASING = YES;
				CLANG_WARN_BOOL_CONVERSION = YES;
				CLANG_WARN_COMMA = YES;
				CLANG_WARN_CONSTANT_CONVERSION = YES;
				CLANG_WARN_DEPRECATED_OBJC_IMPLEMENTATIONS = YES;
				CLANG_WARN_DIRECT_OBJC_ISA_USAGE = YES_ERROR;
				CLANG_WARN_DOCUMENTATION_COMMENTS = YES;
				CLANG_WARN_EMPTY_BODY = YES;
				CLANG_WARN_ENUM_CONVERSION = YES;
				CLANG_WARN_INFINITE_RECURSION = YES;
				CLANG_WARN_INT_CONVERSION = YES;
				CLANG_WARN_NON_LITERAL_NULL_CONVERSION = YES;
				CLANG_WARN_OBJC_IMPLICIT_RETAIN_SELF = YES;
				CLANG_WARN_OBJC_LITERAL_CONVERSION = YES;
				CLANG_WARN_OBJC_ROOT_CLASS = YES_ERROR;
				CLANG_WARN_QUOTED_INCLUDE_IN_FRAMEWORK_HEADER = YES;
				CLANG_WARN_RANGE_LOOP_ANALYSIS = YES;
				CLANG_WARN_STRICT_PROTOTYPES = YES;
				CLANG_WARN_SUSPICIOUS_MOVE = YES;
				CLANG_WARN_UNGUARDED_AVAILABILITY = YES_AGGRESSIVE;
				CLANG_WARN_UNREACHABLE_CODE = YES;
				CLANG_WARN__DUPLICATE_METHOD_MATCH = YES;
				COPY_PHASE_STRIP = NO;
				DEBUG_INFORMATION_FORMAT = dwarf;
				ENABLE_STRICT_OBJC_MSGSEND = YES;
				ENABLE_TESTABILITY = YES;
				GCC_C_LANGUAGE_STANDARD = gnu11;
				GCC_DYNAMIC_NO_PIC = NO;
				GCC_NO_COMMON_BLOCKS = YES;
				GCC_OPTIMIZATION_LEVEL = 0;
				GCC_PREPROCESSOR_DEFINITIONS = (
					"DEBUG=1",
					"$(inherited)",
				);
				GCC_WARN_64_TO_32_BIT_CONVERSION = YES;
				GCC_WARN_ABOUT_RETURN_TYPE = YES_ERROR;
				GCC_WARN_UNDECLARED_SELECTOR = YES;
				GCC_WARN_UNINITIALIZED_AUTOS = YES_AGGRESSIVE;
				GCC_WARN_UNUSED_FUNCTION = YES;
				GCC_WARN_UNUSED_VARIABLE = YES;
				IPHONEOS_DEPLOYMENT_TARGET = 9.0;
				MTL_ENABLE_DEBUG_INFO = INCLUDE_SOURCE;
				MTL_FAST_MATH = YES;
				ONLY_ACTIVE_ARCH = YES;
				SDKROOT = iphoneos;
			};
			name = Debug;
		};
		6B11372426E8929000B3F187 /* Release */ = {
			isa = XCBuildConfiguration;
			buildSettings = {
				ALWAYS_SEARCH_USER_PATHS = NO;
				CLANG_ANALYZER_NONNULL = YES;
				CLANG_ANALYZER_NUMBER_OBJECT_CONVERSION = YES_AGGRESSIVE;
				CLANG_CXX_LANGUAGE_STANDARD = "gnu++14";
				CLANG_CXX_LIBRARY = "libc++";
				CLANG_ENABLE_MODULES = YES;
				CLANG_ENABLE_OBJC_ARC = YES;
				CLANG_ENABLE_OBJC_WEAK = YES;
				CLANG_WARN_BLOCK_CAPTURE_AUTORELEASING = YES;
				CLANG_WARN_BOOL_CONVERSION = YES;
				CLANG_WARN_COMMA = YES;
				CLANG_WARN_CONSTANT_CONVERSION = YES;
				CLANG_WARN_DEPRECATED_OBJC_IMPLEMENTATIONS = YES;
				CLANG_WARN_DIRECT_OBJC_ISA_USAGE = YES_ERROR;
				CLANG_WARN_DOCUMENTATION_COMMENTS = YES;
				CLANG_WARN_EMPTY_BODY = YES;
				CLANG_WARN_ENUM_CONVERSION = YES;
				CLANG_WARN_INFINITE_RECURSION = YES;
				CLANG_WARN_INT_CONVERSION = YES;
				CLANG_WARN_NON_LITERAL_NULL_CONVERSION = YES;
				CLANG_WARN_OBJC_IMPLICIT_RETAIN_SELF = YES;
				CLANG_WARN_OBJC_LITERAL_CONVERSION = YES;
				CLANG_WARN_OBJC_ROOT_CLASS = YES_ERROR;
				CLANG_WARN_QUOTED_INCLUDE_IN_FRAMEWORK_HEADER = YES;
				CLANG_WARN_RANGE_LOOP_ANALYSIS = YES;
				CLANG_WARN_STRICT_PROTOTYPES = YES;
				CLANG_WARN_SUSPICIOUS_MOVE = YES;
				CLANG_WARN_UNGUARDED_AVAILABILITY = YES_AGGRESSIVE;
				CLANG_WARN_UNREACHABLE_CODE = YES;
				CLANG_WARN__DUPLICATE_METHOD_MATCH = YES;
				COPY_PHASE_STRIP = NO;
				DEBUG_INFORMATION_FORMAT = "dwarf-with-dsym";
				ENABLE_NS_ASSERTIONS = NO;
				ENABLE_STRICT_OBJC_MSGSEND = YES;
				GCC_C_LANGUAGE_STANDARD = gnu11;
				GCC_NO_COMMON_BLOCKS = YES;
				GCC_WARN_64_TO_32_BIT_CONVERSION = YES;
				GCC_WARN_ABOUT_RETURN_TYPE = YES_ERROR;
				GCC_WARN_UNDECLARED_SELECTOR = YES;
				GCC_WARN_UNINITIALIZED_AUTOS = YES_AGGRESSIVE;
				GCC_WARN_UNUSED_FUNCTION = YES;
				GCC_WARN_UNUSED_VARIABLE = YES;
				IPHONEOS_DEPLOYMENT_TARGET = 9.0;
				MTL_ENABLE_DEBUG_INFO = NO;
				MTL_FAST_MATH = YES;
				SDKROOT = iphoneos;
				VALIDATE_PRODUCT = YES;
			};
			name = Release;
		};
		6B11372626E8929000B3F187 /* Debug */ = {
			isa = XCBuildConfiguration;
			buildSettings = {
				ASSETCATALOG_COMPILER_APPICON_NAME = AppIcon;
				ASSETCATALOG_COMPILER_GLOBAL_ACCENT_COLOR_NAME = AccentColor;
				CODE_SIGN_STYLE = Automatic;
				INFOPLIST_FILE = FloatingTableHeaderViewDemo/Info.plist;
				LD_RUNPATH_SEARCH_PATHS = (
					"$(inherited)",
					"@executable_path/Frameworks",
				);
				MARKETING_VERSION = 1.0.0;
				PRODUCT_BUNDLE_IDENTIFIER = com.wjx.FloatingTableHeaderViewDemo;
				PRODUCT_NAME = "$(TARGET_NAME)";
				TARGETED_DEVICE_FAMILY = "1,2";
			};
			name = Debug;
		};
		6B11372726E8929000B3F187 /* Release */ = {
			isa = XCBuildConfiguration;
			buildSettings = {
				ASSETCATALOG_COMPILER_APPICON_NAME = AppIcon;
				ASSETCATALOG_COMPILER_GLOBAL_ACCENT_COLOR_NAME = AccentColor;
				CODE_SIGN_STYLE = Automatic;
				INFOPLIST_FILE = FloatingTableHeaderViewDemo/Info.plist;
				LD_RUNPATH_SEARCH_PATHS = (
					"$(inherited)",
					"@executable_path/Frameworks",
				);
				MARKETING_VERSION = 1.0.0;
				PRODUCT_BUNDLE_IDENTIFIER = com.wjx.FloatingTableHeaderViewDemo;
				PRODUCT_NAME = "$(TARGET_NAME)";
				TARGETED_DEVICE_FAMILY = "1,2";
			};
			name = Release;
		};
/* End XCBuildConfiguration section */

/* Begin XCConfigurationList section */
		6B11370726E8928E00B3F187 /* Build configuration list for PBXProject "FloatingTableHeaderViewDemo" */ = {
			isa = XCConfigurationList;
			buildConfigurations = (
				6B11372326E8929000B3F187 /* Debug */,
				6B11372426E8929000B3F187 /* Release */,
			);
			defaultConfigurationIsVisible = 0;
			defaultConfigurationName = Release;
		};
		6B11372526E8929000B3F187 /* Build configuration list for PBXNativeTarget "FloatingTableHeaderViewDemo" */ = {
			isa = XCConfigurationList;
			buildConfigurations = (
				6B11372626E8929000B3F187 /* Debug */,
				6B11372726E8929000B3F187 /* Release */,
			);
			defaultConfigurationIsVisible = 0;
			defaultConfigurationName = Release;
		};
/* End XCConfigurationList section */
	};
	rootObject = 6B11370426E8928E00B3F187 /* Project object */;
}
